
Microsoft Visual Studio Solution File, Format Version 12.00
# Visual Studio Version 16
VisualStudioVersion = 16.0.29009.5
MinimumVisualStudioVersion = 10.0.40219.1
Project("{FAE04EC0-301F-11D3-BF4B-00C04F79EFBC}") = "CleverStocker.Client", "CleverStocker.Client\CleverStocker.Client.csproj", "{1EBCCB12-5E25-47ED-B2CC-37D48DC98781}"
EndProject
Project("{2150E333-8FDC-42A3-9474-1A3956D46DE8}") = "Documents", "Documents", "{4E8E9061-1907-40FB-8A80-34BF9066699D}"
	ProjectSection(SolutionItems) = preProject
		Documents\16x_Images.zip = Documents\16x_Images.zip
		Documents\Document.md = Documents\Document.md
		Readme.md = Readme.md
		Documents\Themes.css = Documents\Themes.css
		Documents\全国中小企业股份转让系统-交易支持平台-数据接口规范-V1.1-20160118.doc = Documents\全国中小企业股份转让系统-交易支持平台-数据接口规范-V1.1-20160118.doc
	EndProjectSection
EndProject
Project("{FAE04EC0-301F-11D3-BF4B-00C04F79EFBC}") = "CleverStocker.Services", "CleverStocker.Services\CleverStocker.Services.csproj", "{886675D5-9316-4561-80B8-9325681ABD95}"
EndProject
Project("{FAE04EC0-301F-11D3-BF4B-00C04F79EFBC}") = "CleverStocker.Utils", "CleverStocker.Utils\CleverStocker.Utils.csproj", "{8E74F163-1469-40F0-A594-924FB8D822F5}"
EndProject
Project("{FAE04EC0-301F-11D3-BF4B-00C04F79EFBC}") = "CleverStocker.Spider", "CleverStocker.Spider\CleverStocker.Spider.csproj", "{AC0C757E-7FE8-46BC-9FB4-F13F52B9C788}"
EndProject
Project("{FAE04EC0-301F-11D3-BF4B-00C04F79EFBC}") = "CleverStocker.Model", "CleverStocker.Model\CleverStocker.Model.csproj", "{55376275-2E0E-400C-A06E-E36DD181D763}"
EndProject
Project("{FAE04EC0-301F-11D3-BF4B-00C04F79EFBC}") = "CleverStocker.Spider.Sina", "CleverStocker.Spider.Sina\CleverStocker.Spider.Sina.csproj", "{EE95AEB2-99F2-4E39-8A71-48DA1400A1EC}"
EndProject
Project("{FAE04EC0-301F-11D3-BF4B-00C04F79EFBC}") = "CleverStocker.DataAccess", "CleverStocker.DataAccess\CleverStocker.DataAccess.csproj", "{3CDFA8C3-B7FA-4303-9009-6DC48E1F0060}"
EndProject
Project("{2150E333-8FDC-42A3-9474-1A3956D46DE8}") = "UnitTests", "UnitTests", "{BDFEF8D1-D84A-4414-B97A-7E030EF7A67D}"
EndProject
Project("{FAE04EC0-301F-11D3-BF4B-00C04F79EFBC}") = "CleverStocker.UtilsTests", "CleverStocker.UtilsTests\CleverStocker.UtilsTests.csproj", "{A15C0DD0-0BE2-4EAB-95F0-BFFBAFA28BBB}"
EndProject
Project("{FAE04EC0-301F-11D3-BF4B-00C04F79EFBC}") = "CleverStocker.Common", "CleverStocker.Common\CleverStocker.Common.csproj", "{199F6003-92B5-4726-8E80-6A470D8C7F58}"
EndProject
Project("{FAE04EC0-301F-11D3-BF4B-00C04F79EFBC}") = "CleverStocker.Spider.SinaTests", "CleverStocker.Spider.SinaTests\CleverStocker.Spider.SinaTests.csproj", "{6AE3AF29-0038-4987-9547-8E9CF92A914A}"
EndProject
Project("{FAE04EC0-301F-11D3-BF4B-00C04F79EFBC}") = "CleverStocker.ModelTests", "CleverStocker.ModelTests\CleverStocker.ModelTests.csproj", "{6DED632F-46C8-45A4-A549-AA4CFB064A80}"
EndProject
Global
	GlobalSection(SolutionConfigurationPlatforms) = preSolution
		Debug|Any CPU = Debug|Any CPU
		Release|Any CPU = Release|Any CPU
	EndGlobalSection
	GlobalSection(ProjectConfigurationPlatforms) = postSolution
		{1EBCCB12-5E25-47ED-B2CC-37D48DC98781}.Debug|Any CPU.ActiveCfg = Debug|Any CPU
		{1EBCCB12-5E25-47ED-B2CC-37D48DC98781}.Debug|Any CPU.Build.0 = Debug|Any CPU
		{1EBCCB12-5E25-47ED-B2CC-37D48DC98781}.Release|Any CPU.ActiveCfg = Release|Any CPU
		{1EBCCB12-5E25-47ED-B2CC-37D48DC98781}.Release|Any CPU.Build.0 = Release|Any CPU
		{886675D5-9316-4561-80B8-9325681ABD95}.Debug|Any CPU.ActiveCfg = Debug|Any CPU
		{886675D5-9316-4561-80B8-9325681ABD95}.Debug|Any CPU.Build.0 = Debug|Any CPU
		{886675D5-9316-4561-80B8-9325681ABD95}.Release|Any CPU.ActiveCfg = Release|Any CPU
		{886675D5-9316-4561-80B8-9325681ABD95}.Release|Any CPU.Build.0 = Release|Any CPU
		{8E74F163-1469-40F0-A594-924FB8D822F5}.Debug|Any CPU.ActiveCfg = Debug|Any CPU
		{8E74F163-1469-40F0-A594-924FB8D822F5}.Debug|Any CPU.Build.0 = Debug|Any CPU
		{8E74F163-1469-40F0-A594-924FB8D822F5}.Release|Any CPU.ActiveCfg = Release|Any CPU
		{8E74F163-1469-40F0-A594-924FB8D822F5}.Release|Any CPU.Build.0 = Release|Any CPU
		{AC0C757E-7FE8-46BC-9FB4-F13F52B9C788}.Debug|Any CPU.ActiveCfg = Debug|Any CPU
		{AC0C757E-7FE8-46BC-9FB4-F13F52B9C788}.Debug|Any CPU.Build.0 = Debug|Any CPU
		{AC0C757E-7FE8-46BC-9FB4-F13F52B9C788}.Release|Any CPU.ActiveCfg = Release|Any CPU
		{AC0C757E-7FE8-46BC-9FB4-F13F52B9C788}.Release|Any CPU.Build.0 = Release|Any CPU
		{55376275-2E0E-400C-A06E-E36DD181D763}.Debug|Any CPU.ActiveCfg = Debug|Any CPU
		{55376275-2E0E-400C-A06E-E36DD181D763}.Debug|Any CPU.Build.0 = Debug|Any CPU
		{55376275-2E0E-400C-A06E-E36DD181D763}.Release|Any CPU.ActiveCfg = Release|Any CPU
		{55376275-2E0E-400C-A06E-E36DD181D763}.Release|Any CPU.Build.0 = Release|Any CPU
		{EE95AEB2-99F2-4E39-8A71-48DA1400A1EC}.Debug|Any CPU.ActiveCfg = Debug|Any CPU
		{EE95AEB2-99F2-4E39-8A71-48DA1400A1EC}.Debug|Any CPU.Build.0 = Debug|Any CPU
		{EE95AEB2-99F2-4E39-8A71-48DA1400A1EC}.Release|Any CPU.ActiveCfg = Release|Any CPU
		{EE95AEB2-99F2-4E39-8A71-48DA1400A1EC}.Release|Any CPU.Build.0 = Release|Any CPU
		{3CDFA8C3-B7FA-4303-9009-6DC48E1F0060}.Debug|Any CPU.ActiveCfg = Debug|Any CPU
		{3CDFA8C3-B7FA-4303-9009-6DC48E1F0060}.Debug|Any CPU.Build.0 = Debug|Any CPU
		{3CDFA8C3-B7FA-4303-9009-6DC48E1F0060}.Release|Any CPU.ActiveCfg = Release|Any CPU
		{3CDFA8C3-B7FA-4303-9009-6DC48E1F0060}.Release|Any CPU.Build.0 = Release|Any CPU
		{A15C0DD0-0BE2-4EAB-95F0-BFFBAFA28BBB}.Debug|Any CPU.ActiveCfg = Debug|Any CPU
		{A15C0DD0-0BE2-4EAB-95F0-BFFBAFA28BBB}.Debug|Any CPU.Build.0 = Debug|Any CPU
		{A15C0DD0-0BE2-4EAB-95F0-BFFBAFA28BBB}.Release|Any CPU.ActiveCfg = Release|Any CPU
		{A15C0DD0-0BE2-4EAB-95F0-BFFBAFA28BBB}.Release|Any CPU.Build.0 = Release|Any CPU
		{199F6003-92B5-4726-8E80-6A470D8C7F58}.Debug|Any CPU.ActiveCfg = Debug|Any CPU
		{199F6003-92B5-4726-8E80-6A470D8C7F58}.Debug|Any CPU.Build.0 = Debug|Any CPU
		{199F6003-92B5-4726-8E80-6A470D8C7F58}.Release|Any CPU.ActiveCfg = Release|Any CPU
		{199F6003-92B5-4726-8E80-6A470D8C7F58}.Release|Any CPU.Build.0 = Release|Any CPU
		{6AE3AF29-0038-4987-9547-8E9CF92A914A}.Debug|Any CPU.ActiveCfg = Debug|Any CPU
		{6AE3AF29-0038-4987-9547-8E9CF92A914A}.Debug|Any CPU.Build.0 = Debug|Any CPU
		{6AE3AF29-0038-4987-9547-8E9CF92A914A}.Release|Any CPU.ActiveCfg = Release|Any CPU
		{6AE3AF29-0038-4987-9547-8E9CF92A914A}.Release|Any CPU.Build.0 = Release|Any CPU
		{6DED632F-46C8-45A4-A549-AA4CFB064A80}.Debug|Any CPU.ActiveCfg = Debug|Any CPU
		{6DED632F-46C8-45A4-A549-AA4CFB064A80}.Debug|Any CPU.Build.0 = Debug|Any CPU
		{6DED632F-46C8-45A4-A549-AA4CFB064A80}.Release|Any CPU.ActiveCfg = Release|Any CPU
		{6DED632F-46C8-45A4-A549-AA4CFB064A80}.Release|Any CPU.Build.0 = Release|Any CPU
	EndGlobalSection
	GlobalSection(SolutionProperties) = preSolution
		HideSolutionNode = FALSE
	EndGlobalSection
	GlobalSection(NestedProjects) = preSolution
		{A15C0DD0-0BE2-4EAB-95F0-BFFBAFA28BBB} = {BDFEF8D1-D84A-4414-B97A-7E030EF7A67D}
		{6AE3AF29-0038-4987-9547-8E9CF92A914A} = {BDFEF8D1-D84A-4414-B97A-7E030EF7A67D}
		{6DED632F-46C8-45A4-A549-AA4CFB064A80} = {BDFEF8D1-D84A-4414-B97A-7E030EF7A67D}
	EndGlobalSection
	GlobalSection(ExtensibilityGlobals) = postSolution
		SolutionGuid = {481A7383-9379-475F-9FD7-D8931C66D53D}
	EndGlobalSection
EndGlobal
